
Microsoft Visual Studio Solution File, Format Version 12.00
# Visual Studio Version 16
VisualStudioVersion = 16.0.31624.102
MinimumVisualStudioVersion = 10.0.40219.1
Project("{FAE04EC0-301F-11D3-BF4B-00C04F79EFBC}") = "WebProje", "WebProje\WebProje.csproj", "{580E4CC2-1614-4C16-A533-0E01E55D9928}"
EndProject
Global
	GlobalSection(SolutionConfigurationPlatforms) = preSolution
		Debug|Any CPU = Debug|Any CPU
		Release|Any CPU = Release|Any CPU
	EndGlobalSection
	GlobalSection(ProjectConfigurationPlatforms) = postSolution
		{580E4CC2-1614-4C16-A533-0E01E55D9928}.Debug|Any CPU.ActiveCfg = Debug|Any CPU
		{580E4CC2-1614-4C16-A533-0E01E55D9928}.Debug|Any CPU.Build.0 = Debug|Any CPU
		{580E4CC2-1614-4C16-A533-0E01E55D9928}.Release|Any CPU.ActiveCfg = Release|Any CPU
		{580E4CC2-1614-4C16-A533-0E01E55D9928}.Release|Any CPU.Build.0 = Release|Any CPU
	EndGlobalSection
	GlobalSection(SolutionProperties) = preSolution
		HideSolutionNode = FALSE
	EndGlobalSection
	GlobalSection(ExtensibilityGlobals) = postSolution
		SolutionGuid = {BCF073A3-C00E-40DD-A093-EEC07F4615F4}
	EndGlobalSection
EndGlobal
